PODS:
  - Realm (3.19.0):
    - Realm/Headers (= 3.19.0)
  - Realm/Headers (3.19.0)
  - RealmSwift (3.19.0):
    - Realm (= 3.19.0)

DEPENDENCIES:
  - RealmSwift (from `https://github.com/realm/realm-cocoa.git`, branch `master`)

SPEC REPOS:
  trunk:
    - Realm

EXTERNAL SOURCES:
  RealmSwift:
    :branch: master
    :git: https://github.com/realm/realm-cocoa.git
    :submodules: true

CHECKOUT OPTIONS:
  RealmSwift:
    :commit: 6d52751b9c9aa7e6e6b8413721543133a05ad79e
    :git: https://github.com/realm/realm-cocoa.git
    :submodules: true

SPEC CHECKSUMS:
  Realm: 995d585bcf699aaff226715886c849a29dd3d07f
  RealmSwift: 35f284a537989f2187b413e5917091948cb87a3f

PODFILE CHECKSUM: f752b1eec8ca2eb2764d14e2989fcf64a95b936e

COCOAPODS: 1.8.3
