// !$*UTF8*$!
{
	archiveVersion = 1;
	classes = {
	};
	objectVersion = 50;
	objects = {

/* Begin PBXBuildFile section */
		251D7BFD216CD1A2003FF6FA /* AddAnime.storyboard in Resources */ = {isa = PBXBuildFile; fileRef = 251D7BFC216CD1A2003FF6FA /* AddAnime.storyboard */; };
		252C4666211E24A200938CA1 /* AnimeWorker.swift in Sources */ = {isa = PBXBuildFile; fileRef = 252C4665211E24A200938CA1 /* AnimeWorker.swift */; };
		252C4669211E6B7D00938CA1 /* ListAnimeViewController.swift in Sources */ = {isa = PBXBuildFile; fileRef = 252C4668211E6B7D00938CA1 /* ListAnimeViewController.swift */; };
		252C466B211E6B9500938CA1 /* ListAnimeInteractor.swift in Sources */ = {isa = PBXBuildFile; fileRef = 252C466A211E6B9500938CA1 /* ListAnimeInteractor.swift */; };
		252C466D211E6BA100938CA1 /* ListAnimePresenter.swift in Sources */ = {isa = PBXBuildFile; fileRef = 252C466C211E6BA100938CA1 /* ListAnimePresenter.swift */; };
		252C466F211E6BAC00938CA1 /* ListAnimeRouter.swift in Sources */ = {isa = PBXBuildFile; fileRef = 252C466E211E6BAC00938CA1 /* ListAnimeRouter.swift */; };
		252C4671211E6BBB00938CA1 /* ListAnimeBoundaryModels.swift in Sources */ = {isa = PBXBuildFile; fileRef = 252C4670211E6BBB00938CA1 /* ListAnimeBoundaryModels.swift */; };
		252C4673211E6BC700938CA1 /* ListAnimeConfigurator.swift in Sources */ = {isa = PBXBuildFile; fileRef = 252C4672211E6BC700938CA1 /* ListAnimeConfigurator.swift */; };
		252D66C3212C58F900943FBE /* AnimeTableViewCell.swift in Sources */ = {isa = PBXBuildFile; fileRef = 252D66C1212C58F900943FBE /* AnimeTableViewCell.swift */; };
		252D66C4212C58F900943FBE /* AnimeTableViewCell.xib in Resources */ = {isa = PBXBuildFile; fileRef = 252D66C2212C58F900943FBE /* AnimeTableViewCell.xib */; };
		257ED932211C72A100E82B27 /* AddAnimeViewController.swift in Sources */ = {isa = PBXBuildFile; fileRef = 257ED931211C72A100E82B27 /* AddAnimeViewController.swift */; };
		257ED934211C72B100E82B27 /* AddAnimeInteractor.swift in Sources */ = {isa = PBXBuildFile; fileRef = 257ED933211C72B100E82B27 /* AddAnimeInteractor.swift */; };
		257ED936211C72EB00E82B27 /* AddAnimePresenter.swift in Sources */ = {isa = PBXBuildFile; fileRef = 257ED935211C72EB00E82B27 /* AddAnimePresenter.swift */; };
		257ED938211C72F700E82B27 /* AddAnimeRouter.swift in Sources */ = {isa = PBXBuildFile; fileRef = 257ED937211C72F700E82B27 /* AddAnimeRouter.swift */; };
		257ED93C211C733800E82B27 /* AddAnimeBoundaryModels.swift in Sources */ = {isa = PBXBuildFile; fileRef = 257ED93B211C733800E82B27 /* AddAnimeBoundaryModels.swift */; };
		257ED93E211C734900E82B27 /* AddAnimeConfigurator.swift in Sources */ = {isa = PBXBuildFile; fileRef = 257ED93D211C734900E82B27 /* AddAnimeConfigurator.swift */; };
		25F83CD2211BDF4500EADCA4 /* AppDelegate.swift in Sources */ = {isa = PBXBuildFile; fileRef = 25F83CD1211BDF4500EADCA4 /* AppDelegate.swift */; };
		25F83CD7211BDF4500EADCA4 /* Main.storyboard in Resources */ = {isa = PBXBuildFile; fileRef = 25F83CD5211BDF4500EADCA4 /* Main.storyboard */; };
		25F83CD9211BDF4800EADCA4 /* Assets.xcassets in Resources */ = {isa = PBXBuildFile; fileRef = 25F83CD8211BDF4800EADCA4 /* Assets.xcassets */; };
		25F83CDC211BDF4800EADCA4 /* LaunchScreen.storyboard in Resources */ = {isa = PBXBuildFile; fileRef = 25F83CDA211BDF4800EADCA4 /* LaunchScreen.storyboard */; };
		25F83CE7211BDF4800EADCA4 /* MyAnimeListTests.swift in Sources */ = {isa = PBXBuildFile; fileRef = 25F83CE6211BDF4800EADCA4 /* MyAnimeListTests.swift */; };
		25FC5040211E164C00E058F4 /* Anime.swift in Sources */ = {isa = PBXBuildFile; fileRef = 25FC503F211E164C00E058F4 /* Anime.swift */; };
		25FC5042211E170100E058F4 /* AnimeDatabase.swift in Sources */ = {isa = PBXBuildFile; fileRef = 25FC5041211E170100E058F4 /* AnimeDatabase.swift */; };
		5701E8C457DA17A82958E53F /* Pods_MyAnimeList.framework in Frameworks */ = {isa = PBXBuildFile; fileRef = E0A1975B781060134F6059E6 /* Pods_MyAnimeList.framework */; };
		A3C0C6292163202600DBD0E9 /* RealmDatabase.swift in Sources */ = {isa = PBXBuildFile; fileRef = A3C0C6282163202600DBD0E9 /* RealmDatabase.swift */; };
		A3C36120216321DB0046B2C3 /* Anime+Realm.swift in Sources */ = {isa = PBXBuildFile; fileRef = A3C3611F216321DB0046B2C3 /* Anime+Realm.swift */; };
/* End PBXBuildFile section */

/* Begin PBXContainerItemProxy section */
		25F83CE3211BDF4800EADCA4 /* PBXContainerItemProxy */ = {
			isa = PBXContainerItemProxy;
			containerPortal = 25F83CC6211BDF4500EADCA4 /* Project object */;
			proxyType = 1;
			remoteGlobalIDString = 25F83CCD211BDF4500EADCA4;
			remoteInfo = MyAnimeList;
		};
/* End PBXContainerItemProxy section */

/* Begin PBXFileReference section */
		251D7BFC216CD1A2003FF6FA /* AddAnime.storyboard */ = {isa = PBXFileReference; lastKnownFileType = file.storyboard; path = AddAnime.storyboard; sourceTree = "<group>"; };
		252C4665211E24A200938CA1 /* AnimeWorker.swift */ = {isa = PBXFileReference; lastKnownFileType = sourcecode.swift; path = AnimeWorker.swift; sourceTree = "<group>"; };
		252C4668211E6B7D00938CA1 /* ListAnimeViewController.swift */ = {isa = PBXFileReference; lastKnownFileType = sourcecode.swift; path = ListAnimeViewController.swift; sourceTree = "<group>"; };
		252C466A211E6B9500938CA1 /* ListAnimeInteractor.swift */ = {isa = PBXFileReference; lastKnownFileType = sourcecode.swift; path = ListAnimeInteractor.swift; sourceTree = "<group>"; };
		252C466C211E6BA100938CA1 /* ListAnimePresenter.swift */ = {isa = PBXFileReference; lastKnownFileType = sourcecode.swift; path = ListAnimePresenter.swift; sourceTree = "<group>"; };
		252C466E211E6BAC00938CA1 /* ListAnimeRouter.swift */ = {isa = PBXFileReference; lastKnownFileType = sourcecode.swift; path = ListAnimeRouter.swift; sourceTree = "<group>"; };
		252C4670211E6BBB00938CA1 /* ListAnimeBoundaryModels.swift */ = {isa = PBXFileReference; lastKnownFileType = sourcecode.swift; path = ListAnimeBoundaryModels.swift; sourceTree = "<group>"; };
		252C4672211E6BC700938CA1 /* ListAnimeConfigurator.swift */ = {isa = PBXFileReference; lastKnownFileType = sourcecode.swift; path = ListAnimeConfigurator.swift; sourceTree = "<group>"; };
		252D66C1212C58F900943FBE /* AnimeTableViewCell.swift */ = {isa = PBXFileReference; lastKnownFileType = sourcecode.swift; path = AnimeTableViewCell.swift; sourceTree = "<group>"; };
		252D66C2212C58F900943FBE /* AnimeTableViewCell.xib */ = {isa = PBXFileReference; lastKnownFileType = file.xib; path = AnimeTableViewCell.xib; sourceTree = "<group>"; };
		257ED931211C72A100E82B27 /* AddAnimeViewController.swift */ = {isa = PBXFileReference; lastKnownFileType = sourcecode.swift; path = AddAnimeViewController.swift; sourceTree = "<group>"; };
		257ED933211C72B100E82B27 /* AddAnimeInteractor.swift */ = {isa = PBXFileReference; lastKnownFileType = sourcecode.swift; path = AddAnimeInteractor.swift; sourceTree = "<group>"; };
		257ED935211C72EB00E82B27 /* AddAnimePresenter.swift */ = {isa = PBXFileReference; lastKnownFileType = sourcecode.swift; path = AddAnimePresenter.swift; sourceTree = "<group>"; };
		257ED937211C72F700E82B27 /* AddAnimeRouter.swift */ = {isa = PBXFileReference; lastKnownFileType = sourcecode.swift; path = AddAnimeRouter.swift; sourceTree = "<group>"; };
		257ED93B211C733800E82B27 /* AddAnimeBoundaryModels.swift */ = {isa = PBXFileReference; lastKnownFileType = sourcecode.swift; path = AddAnimeBoundaryModels.swift; sourceTree = "<group>"; };
		257ED93D211C734900E82B27 /* AddAnimeConfigurator.swift */ = {isa = PBXFileReference; lastKnownFileType = sourcecode.swift; path = AddAnimeConfigurator.swift; sourceTree = "<group>"; };
		25F83CCE211BDF4500EADCA4 /* MyAnimeList.app */ = {isa = PBXFileReference; explicitFileType = wrapper.application; includeInIndex = 0; path = MyAnimeList.app; sourceTree = BUILT_PRODUCTS_DIR; };
		25F83CD1211BDF4500EADCA4 /* AppDelegate.swift */ = {isa = PBXFileReference; lastKnownFileType = sourcecode.swift; path = AppDelegate.swift; sourceTree = "<group>"; };
		25F83CD6211BDF4500EADCA4 /* Base */ = {isa = PBXFileReference; lastKnownFileType = file.storyboard; name = Base; path = Base.lproj/Main.storyboard; sourceTree = "<group>"; };
		25F83CD8211BDF4800EADCA4 /* Assets.xcassets */ = {isa = PBXFileReference; lastKnownFileType = folder.assetcatalog; path = Assets.xcassets; sourceTree = "<group>"; };
		25F83CDB211BDF4800EADCA4 /* Base */ = {isa = PBXFileReference; lastKnownFileType = file.storyboard; name = Base; path = Base.lproj/LaunchScreen.storyboard; sourceTree = "<group>"; };
		25F83CDD211BDF4800EADCA4 /* Info.plist */ = {isa = PBXFileReference; lastKnownFileType = text.plist.xml; path = Info.plist; sourceTree = "<group>"; };
		25F83CE2211BDF4800EADCA4 /* MyAnimeListTests.xctest */ = {isa = PBXFileReference; explicitFileType = wrapper.cfbundle; includeInIndex = 0; path = MyAnimeListTests.xctest; sourceTree = BUILT_PRODUCTS_DIR; };
		25F83CE6211BDF4800EADCA4 /* MyAnimeListTests.swift */ = {isa = PBXFileReference; lastKnownFileType = sourcecode.swift; path = MyAnimeListTests.swift; sourceTree = "<group>"; };
		25F83CE8211BDF4800EADCA4 /* Info.plist */ = {isa = PBXFileReference; lastKnownFileType = text.plist.xml; path = Info.plist; sourceTree = "<group>"; };
		25FC503F211E164C00E058F4 /* Anime.swift */ = {isa = PBXFileReference; lastKnownFileType = sourcecode.swift; path = Anime.swift; sourceTree = "<group>"; };
		25FC5041211E170100E058F4 /* AnimeDatabase.swift */ = {isa = PBXFileReference; lastKnownFileType = sourcecode.swift; path = AnimeDatabase.swift; sourceTree = "<group>"; };
		A3C0C6282163202600DBD0E9 /* RealmDatabase.swift */ = {isa = PBXFileReference; lastKnownFileType = sourcecode.swift; path = RealmDatabase.swift; sourceTree = "<group>"; };
		A3C3611F216321DB0046B2C3 /* Anime+Realm.swift */ = {isa = PBXFileReference; lastKnownFileType = sourcecode.swift; path = "Anime+Realm.swift"; sourceTree = "<group>"; };
		A6DEC39DC2F575646D7A3D26 /* Pods-MyAnimeList.release.xcconfig */ = {isa = PBXFileReference; includeInIndex = 1; lastKnownFileType = text.xcconfig; name = "Pods-MyAnimeList.release.xcconfig"; path = "Pods/Target Support Files/Pods-MyAnimeList/Pods-MyAnimeList.release.xcconfig"; sourceTree = "<group>"; };
		B53F904C54DE508490B3313B /* Pods-MyAnimeList.debug.xcconfig */ = {isa = PBXFileReference; includeInIndex = 1; lastKnownFileType = text.xcconfig; name = "Pods-MyAnimeList.debug.xcconfig"; path = "Pods/Target Support Files/Pods-MyAnimeList/Pods-MyAnimeList.debug.xcconfig"; sourceTree = "<group>"; };
		E0A1975B781060134F6059E6 /* Pods_MyAnimeList.framework */ = {isa = PBXFileReference; explicitFileType = wrapper.framework; includeInIndex = 0; path = Pods_MyAnimeList.framework; sourceTree = BUILT_PRODUCTS_DIR; };
/* End PBXFileReference section */

/* Begin PBXFrameworksBuildPhase section */
		25F83CCB211BDF4500EADCA4 /* Frameworks */ = {
			isa = PBXFrameworksBuildPhase;
			buildActionMask = 2147483647;
			files = (
				5701E8C457DA17A82958E53F /* Pods_MyAnimeList.framework in Frameworks */,
			);
			runOnlyForDeploymentPostprocessing = 0;
		};
		25F83CDF211BDF4800EADCA4 /* Frameworks */ = {
			isa = PBXFrameworksBuildPhase;
			buildActionMask = 2147483647;
			files = (
			);
			runOnlyForDeploymentPostprocessing = 0;
		};
/* End PBXFrameworksBuildPhase section */

/* Begin PBXGroup section */
		250B6C36212E41FB009B9463 /* Anime management */ = {
			isa = PBXGroup;
			children = (
				25FC503F211E164C00E058F4 /* Anime.swift */,
				A3C3611F216321DB0046B2C3 /* Anime+Realm.swift */,
				25FC5041211E170100E058F4 /* AnimeDatabase.swift */,
				A3C0C6282163202600DBD0E9 /* RealmDatabase.swift */,
				252C4665211E24A200938CA1 /* AnimeWorker.swift */,
			);
			path = "Anime management";
			sourceTree = "<group>";
		};
		250B6C37212E4208009B9463 /* Tableview cell */ = {
			isa = PBXGroup;
			children = (
				252D66C1212C58F900943FBE /* AnimeTableViewCell.swift */,
				252D66C2212C58F900943FBE /* AnimeTableViewCell.xib */,
			);
			path = "Tableview cell";
			sourceTree = "<group>";
		};
		250B6C3C212E4311009B9463 /* Supporting files */ = {
			isa = PBXGroup;
			children = (
				25F83CD1211BDF4500EADCA4 /* AppDelegate.swift */,
				25F83CD8211BDF4800EADCA4 /* Assets.xcassets */,
				25F83CDA211BDF4800EADCA4 /* LaunchScreen.storyboard */,
				25F83CDD211BDF4800EADCA4 /* Info.plist */,
			);
			name = "Supporting files";
			path = MyAnimeList;
			sourceTree = "<group>";
		};
		252C4667211E652100938CA1 /* List anime */ = {
			isa = PBXGroup;
			children = (
				250B6C37212E4208009B9463 /* Tableview cell */,
				252C4668211E6B7D00938CA1 /* ListAnimeViewController.swift */,
				252C466A211E6B9500938CA1 /* ListAnimeInteractor.swift */,
				252C466C211E6BA100938CA1 /* ListAnimePresenter.swift */,
				252C466E211E6BAC00938CA1 /* ListAnimeRouter.swift */,
				252C4670211E6BBB00938CA1 /* ListAnimeBoundaryModels.swift */,
				252C4672211E6BC700938CA1 /* ListAnimeConfigurator.swift */,
			);
			path = "List anime";
			sourceTree = "<group>";
		};
		25F83CC5211BDF4500EADCA4 = {
			isa = PBXGroup;
			children = (
				25F83CD0211BDF4500EADCA4 /* MyAnimeList */,
				250B6C3C212E4311009B9463 /* Supporting files */,
				25F83CE5211BDF4800EADCA4 /* MyAnimeListTests */,
				25F83CCF211BDF4500EADCA4 /* Products */,
				D81E7FB09FAE40C227B014D8 /* Pods */,
				4A36C3E56589842269D933C6 /* Frameworks */,
			);
			sourceTree = "<group>";
		};
		25F83CCF211BDF4500EADCA4 /* Products */ = {
			isa = PBXGroup;
			children = (
				25F83CCE211BDF4500EADCA4 /* MyAnimeList.app */,
				25F83CE2211BDF4800EADCA4 /* MyAnimeListTests.xctest */,
			);
			name = Products;
			sourceTree = "<group>";
		};
		25F83CD0211BDF4500EADCA4 /* MyAnimeList */ = {
			isa = PBXGroup;
			children = (
				250B6C36212E41FB009B9463 /* Anime management */,
				25F83CF1211BDFF800EADCA4 /* Scenes */,
			);
			path = MyAnimeList;
			sourceTree = "<group>";
		};
		25F83CE5211BDF4800EADCA4 /* MyAnimeListTests */ = {
			isa = PBXGroup;
			children = (
				25F83CE6211BDF4800EADCA4 /* MyAnimeListTests.swift */,
				25F83CE8211BDF4800EADCA4 /* Info.plist */,
			);
			path = MyAnimeListTests;
			sourceTree = "<group>";
		};
		25F83CF1211BDFF800EADCA4 /* Scenes */ = {
			isa = PBXGroup;
			children = (
				25F83CD5211BDF4500EADCA4 /* Main.storyboard */,
				251D7BFC216CD1A2003FF6FA /* AddAnime.storyboard */,
				25F83CF2211BE0C200EADCA4 /* Add anime */,
				252C4667211E652100938CA1 /* List anime */,
			);
			path = Scenes;
			sourceTree = "<group>";
		};
		25F83CF2211BE0C200EADCA4 /* Add anime */ = {
			isa = PBXGroup;
			children = (
				257ED931211C72A100E82B27 /* AddAnimeViewController.swift */,
				257ED933211C72B100E82B27 /* AddAnimeInteractor.swift */,
				257ED935211C72EB00E82B27 /* AddAnimePresenter.swift */,
				257ED937211C72F700E82B27 /* AddAnimeRouter.swift */,
				257ED93B211C733800E82B27 /* AddAnimeBoundaryModels.swift */,
				257ED93D211C734900E82B27 /* AddAnimeConfigurator.swift */,
			);
			path = "Add anime";
			sourceTree = "<group>";
		};
		4A36C3E56589842269D933C6 /* Frameworks */ = {
			isa = PBXGroup;
			children = (
				E0A1975B781060134F6059E6 /* Pods_MyAnimeList.framework */,
			);
			name = Frameworks;
			sourceTree = "<group>";
		};
		D81E7FB09FAE40C227B014D8 /* Pods */ = {
			isa = PBXGroup;
			children = (
				B53F904C54DE508490B3313B /* Pods-MyAnimeList.debug.xcconfig */,
				A6DEC39DC2F575646D7A3D26 /* Pods-MyAnimeList.release.xcconfig */,
			);
			name = Pods;
			sourceTree = "<group>";
		};
/* End PBXGroup section */

/* Begin PBXNativeTarget section */
		25F83CCD211BDF4500EADCA4 /* MyAnimeList */ = {
			isa = PBXNativeTarget;
			buildConfigurationList = 25F83CEB211BDF4800EADCA4 /* Build configuration list for PBXNativeTarget "MyAnimeList" */;
			buildPhases = (
				E01121CDD3C9C49775F35D7E /* [CP] Check Pods Manifest.lock */,
				25F83CCA211BDF4500EADCA4 /* Sources */,
				25F83CCB211BDF4500EADCA4 /* Frameworks */,
				25F83CCC211BDF4500EADCA4 /* Resources */,
				E68AD01C53AD7B40AB5D12EE /* [CP] Embed Pods Frameworks */,
			);
			buildRules = (
			);
			dependencies = (
			);
			name = MyAnimeList;
			productName = MyAnimeList;
			productReference = 25F83CCE211BDF4500EADCA4 /* MyAnimeList.app */;
			productType = "com.apple.product-type.application";
		};
		25F83CE1211BDF4800EADCA4 /* MyAnimeListTests */ = {
			isa = PBXNativeTarget;
			buildConfigurationList = 25F83CEE211BDF4800EADCA4 /* Build configuration list for PBXNativeTarget "MyAnimeListTests" */;
			buildPhases = (
				25F83CDE211BDF4800EADCA4 /* Sources */,
				25F83CDF211BDF4800EADCA4 /* Frameworks */,
				25F83CE0211BDF4800EADCA4 /* Resources */,
			);
			buildRules = (
			);
			dependencies = (
				25F83CE4211BDF4800EADCA4 /* PBXTargetDependency */,
			);
			name = MyAnimeListTests;
			productName = MyAnimeListTests;
			productReference = 25F83CE2211BDF4800EADCA4 /* MyAnimeListTests.xctest */;
			productType = "com.apple.product-type.bundle.unit-test";
		};
/* End PBXNativeTarget section */

/* Begin PBXProject section */
		25F83CC6211BDF4500EADCA4 /* Project object */ = {
			isa = PBXProject;
			attributes = {
				LastSwiftUpdateCheck = 0940;
				LastUpgradeCheck = 0940;
				ORGANIZATIONNAME = "Maisa Milena";
				TargetAttributes = {
					25F83CCD211BDF4500EADCA4 = {
						CreatedOnToolsVersion = 9.4.1;
					};
					25F83CE1211BDF4800EADCA4 = {
						CreatedOnToolsVersion = 9.4.1;
						TestTargetID = 25F83CCD211BDF4500EADCA4;
					};
				};
			};
			buildConfigurationList = 25F83CC9211BDF4500EADCA4 /* Build configuration list for PBXProject "MyAnimeList" */;
			compatibilityVersion = "Xcode 9.3";
			developmentRegion = en;
			hasScannedForEncodings = 0;
			knownRegions = (
				en,
				Base,
			);
			mainGroup = 25F83CC5211BDF4500EADCA4;
			productRefGroup = 25F83CCF211BDF4500EADCA4 /* Products */;
			projectDirPath = "";
			projectRoot = "";
			targets = (
				25F83CCD211BDF4500EADCA4 /* MyAnimeList */,
				25F83CE1211BDF4800EADCA4 /* MyAnimeListTests */,
			);
		};
/* End PBXProject section */

/* Begin PBXResourcesBuildPhase section */
		25F83CCC211BDF4500EADCA4 /* Resources */ = {
			isa = PBXResourcesBuildPhase;
			buildActionMask = 2147483647;
			files = (
				251D7BFD216CD1A2003FF6FA /* AddAnime.storyboard in Resources */,
				252D66C4212C58F900943FBE /* AnimeTableViewCell.xib in Resources */,
				25F83CDC211BDF4800EADCA4 /* LaunchScreen.storyboard in Resources */,
				25F83CD9211BDF4800EADCA4 /* Assets.xcassets in Resources */,
				25F83CD7211BDF4500EADCA4 /* Main.storyboard in Resources */,
			);
			runOnlyForDeploymentPostprocessing = 0;
		};
		25F83CE0211BDF4800EADCA4 /* Resources */ = {
			isa = PBXResourcesBuildPhase;
			buildActionMask = 2147483647;
			files = (
			);
			runOnlyForDeploymentPostprocessing = 0;
		};
/* End PBXResourcesBuildPhase section */

/* Begin PBXShellScriptBuildPhase section */
		E01121CDD3C9C49775F35D7E /* [CP] Check Pods Manifest.lock */ = {
			isa = PBXShellScriptBuildPhase;
			buildActionMask = 2147483647;
			files = (
			);
			inputPaths = (
				"${PODS_PODFILE_DIR_PATH}/Podfile.lock",
				"${PODS_ROOT}/Manifest.lock",
			);
			name = "[CP] Check Pods Manifest.lock";
			outputPaths = (
				"$(DERIVED_FILE_DIR)/Pods-MyAnimeList-checkManifestLockResult.txt",
			);
			runOnlyForDeploymentPostprocessing = 0;
			shellPath = /bin/sh;
			shellScript = "diff \"${PODS_PODFILE_DIR_PATH}/Podfile.lock\" \"${PODS_ROOT}/Manifest.lock\" > /dev/null\nif [ $? != 0 ] ; then\n    # print error to STDERR\n    echo \"error: The sandbox is not in sync with the Podfile.lock. Run 'pod install' or update your CocoaPods installation.\" >&2\n    exit 1\nfi\n# This output is used by Xcode 'outputs' to avoid re-running this script phase.\necho \"SUCCESS\" > \"${SCRIPT_OUTPUT_FILE_0}\"\n";
			showEnvVarsInLog = 0;
		};
		E68AD01C53AD7B40AB5D12EE /* [CP] Embed Pods Frameworks */ = {
			isa = PBXShellScriptBuildPhase;
			buildActionMask = 2147483647;
			files = (
			);
			inputPaths = (
				"${SRCROOT}/Pods/Target Support Files/Pods-MyAnimeList/Pods-MyAnimeList-frameworks.sh",
				"${BUILT_PRODUCTS_DIR}/Realm/Realm.framework",
				"${BUILT_PRODUCTS_DIR}/RealmSwift/RealmSwift.framework",
			);
			name = "[CP] Embed Pods Frameworks";
			outputPaths = (
				"${TARGET_BUILD_DIR}/${FRAMEWORKS_FOLDER_PATH}/Realm.framework",
				"${TARGET_BUILD_DIR}/${FRAMEWORKS_FOLDER_PATH}/RealmSwift.framework",
			);
			runOnlyForDeploymentPostprocessing = 0;
			shellPath = /bin/sh;
			shellScript = "\"${SRCROOT}/Pods/Target Support Files/Pods-MyAnimeList/Pods-MyAnimeList-frameworks.sh\"\n";
			showEnvVarsInLog = 0;
		};
/* End PBXShellScriptBuildPhase section */

/* Begin PBXSourcesBuildPhase section */
		25F83CCA211BDF4500EADCA4 /* Sources */ = {
			isa = PBXSourcesBuildPhase;
			buildActionMask = 2147483647;
			files = (
				252C466F211E6BAC00938CA1 /* ListAnimeRouter.swift in Sources */,
				252C466B211E6B9500938CA1 /* ListAnimeInteractor.swift in Sources */,
				257ED93C211C733800E82B27 /* AddAnimeBoundaryModels.swift in Sources */,
				252C4673211E6BC700938CA1 /* ListAnimeConfigurator.swift in Sources */,
				25FC5042211E170100E058F4 /* AnimeDatabase.swift in Sources */,
				257ED936211C72EB00E82B27 /* AddAnimePresenter.swift in Sources */,
				252C4671211E6BBB00938CA1 /* ListAnimeBoundaryModels.swift in Sources */,
				257ED934211C72B100E82B27 /* AddAnimeInteractor.swift in Sources */,
				252C4669211E6B7D00938CA1 /* ListAnimeViewController.swift in Sources */,
				252C466D211E6BA100938CA1 /* ListAnimePresenter.swift in Sources */,
				257ED938211C72F700E82B27 /* AddAnimeRouter.swift in Sources */,
				25FC5040211E164C00E058F4 /* Anime.swift in Sources */,
				252C4666211E24A200938CA1 /* AnimeWorker.swift in Sources */,
				252D66C3212C58F900943FBE /* AnimeTableViewCell.swift in Sources */,
				A3C36120216321DB0046B2C3 /* Anime+Realm.swift in Sources */,
				A3C0C6292163202600DBD0E9 /* RealmDatabase.swift in Sources */,
				257ED932211C72A100E82B27 /* AddAnimeViewController.swift in Sources */,
				25F83CD2211BDF4500EADCA4 /* AppDelegate.swift in Sources */,
				257ED93E211C734900E82B27 /* AddAnimeConfigurator.swift in Sources */,
			);
			runOnlyForDeploymentPostprocessing = 0;
		};
		25F83CDE211BDF4800EADCA4 /* Sources */ = {
			isa = PBXSourcesBuildPhase;
			buildActionMask = 2147483647;
			files = (
				25F83CE7211BDF4800EADCA4 /* MyAnimeListTests.swift in Sources */,
			);
			runOnlyForDeploymentPostprocessing = 0;
		};
/* End PBXSourcesBuildPhase section */

/* Begin PBXTargetDependency section */
		25F83CE4211BDF4800EADCA4 /* PBXTargetDependency */ = {
			isa = PBXTargetDependency;
			target = 25F83CCD211BDF4500EADCA4 /* MyAnimeList */;
			targetProxy = 25F83CE3211BDF4800EADCA4 /* PBXContainerItemProxy */;
		};
/* End PBXTargetDependency section */

/* Begin PBXVariantGroup section */
		25F83CD5211BDF4500EADCA4 /* Main.storyboard */ = {
			isa = PBXVariantGroup;
			children = (
				25F83CD6211BDF4500EADCA4 /* Base */,
			);
			name = Main.storyboard;
			sourceTree = "<group>";
		};
		25F83CDA211BDF4800EADCA4 /* LaunchScreen.storyboard */ = {
			isa = PBXVariantGroup;
			children = (
				25F83CDB211BDF4800EADCA4 /* Base */,
			);
			name = LaunchScreen.storyboard;
			sourceTree = "<group>";
		};
/* End PBXVariantGroup section */

/* Begin XCBuildConfiguration section */
		25F83CE9211BDF4800EADCA4 /* Debug */ = {
			isa = XCBuildConfiguration;
			buildSettings = {
				ALWAYS_SEARCH_USER_PATHS = NO;
				CLANG_ANALYZER_NONNULL = YES;
				CLANG_ANALYZER_NUMBER_OBJECT_CONVERSION = YES_AGGRESSIVE;
				CLANG_CXX_LANGUAGE_STANDARD = "gnu++14";
				CLANG_CXX_LIBRARY = "libc++";
				CLANG_ENABLE_MODULES = YES;
				CLANG_ENABLE_OBJC_ARC = YES;
				CLANG_ENABLE_OBJC_WEAK = YES;
				CLANG_WARN_BLOCK_CAPTURE_AUTORELEASING = YES;
				CLANG_WARN_BOOL_CONVERSION = YES;
				CLANG_WARN_COMMA = YES;
				CLANG_WARN_CONSTANT_CONVERSION = YES;
				CLANG_WARN_DEPRECATED_OBJC_IMPLEMENTATIONS = YES;
				CLANG_WARN_DIRECT_OBJC_ISA_USAGE = YES_ERROR;
				CLANG_WARN_DOCUMENTATION_COMMENTS = YES;
				CLANG_WARN_EMPTY_BODY = YES;
				CLANG_WARN_ENUM_CONVERSION = YES;
				CLANG_WARN_INFINITE_RECURSION = YES;
				CLANG_WARN_INT_CONVERSION = YES;
				CLANG_WARN_NON_LITERAL_NULL_CONVERSION = YES;
				CLANG_WARN_OBJC_IMPLICIT_RETAIN_SELF = YES;
				CLANG_WARN_OBJC_LITERAL_CONVERSION = YES;
				CLANG_WARN_OBJC_ROOT_CLASS = YES_ERROR;
				CLANG_WARN_RANGE_LOOP_ANALYSIS = YES;
				CLANG_WARN_STRICT_PROTOTYPES = YES;
				CLANG_WARN_SUSPICIOUS_MOVE = YES;
				CLANG_WARN_UNGUARDED_AVAILABILITY = YES_AGGRESSIVE;
				CLANG_WARN_UNREACHABLE_CODE = YES;
				CLANG_WARN__DUPLICATE_METHOD_MATCH = YES;
				CODE_SIGN_IDENTITY = "iPhone Developer";
				COPY_PHASE_STRIP = NO;
				DEBUG_INFORMATION_FORMAT = dwarf;
				ENABLE_STRICT_OBJC_MSGSEND = YES;
				ENABLE_TESTABILITY = YES;
				GCC_C_LANGUAGE_STANDARD = gnu11;
				GCC_DYNAMIC_NO_PIC = NO;
				GCC_NO_COMMON_BLOCKS = YES;
				GCC_OPTIMIZATION_LEVEL = 0;
				GCC_PREPROCESSOR_DEFINITIONS = (
					"DEBUG=1",
					"$(inherited)",
				);
				GCC_WARN_64_TO_32_BIT_CONVERSION = YES;
				GCC_WARN_ABOUT_RETURN_TYPE = YES_ERROR;
				GCC_WARN_UNDECLARED_SELECTOR = YES;
				GCC_WARN_UNINITIALIZED_AUTOS = YES_AGGRESSIVE;
				GCC_WARN_UNUSED_FUNCTION = YES;
				GCC_WARN_UNUSED_VARIABLE = YES;
				IPHONEOS_DEPLOYMENT_TARGET = 11.4;
				MTL_ENABLE_DEBUG_INFO = YES;
				ONLY_ACTIVE_ARCH = YES;
				SDKROOT = iphoneos;
				SWIFT_ACTIVE_COMPILATION_CONDITIONS = DEBUG;
				SWIFT_OPTIMIZATION_LEVEL = "-Onone";
			};
			name = Debug;
		};
		25F83CEA211BDF4800EADCA4 /* Release */ = {
			isa = XCBuildConfiguration;
			buildSettings = {
				ALWAYS_SEARCH_USER_PATHS = NO;
				CLANG_ANALYZER_NONNULL = YES;
				CLANG_ANALYZER_NUMBER_OBJECT_CONVERSION = YES_AGGRESSIVE;
				CLANG_CXX_LANGUAGE_STANDARD = "gnu++14";
				CLANG_CXX_LIBRARY = "libc++";
				CLANG_ENABLE_MODULES = YES;
				CLANG_ENABLE_OBJC_ARC = YES;
				CLANG_ENABLE_OBJC_WEAK = YES;
				CLANG_WARN_BLOCK_CAPTURE_AUTORELEASING = YES;
				CLANG_WARN_BOOL_CONVERSION = YES;
				CLANG_WARN_COMMA = YES;
				CLANG_WARN_CONSTANT_CONVERSION = YES;
				CLANG_WARN_DEPRECATED_OBJC_IMPLEMENTATIONS = YES;
				CLANG_WARN_DIRECT_OBJC_ISA_USAGE = YES_ERROR;
				CLANG_WARN_DOCUMENTATION_COMMENTS = YES;
				CLANG_WARN_EMPTY_BODY = YES;
				CLANG_WARN_ENUM_CONVERSION = YES;
				CLANG_WARN_INFINITE_RECURSION = YES;
				CLANG_WARN_INT_CONVERSION = YES;
				CLANG_WARN_NON_LITERAL_NULL_CONVERSION = YES;
				CLANG_WARN_OBJC_IMPLICIT_RETAIN_SELF = YES;
				CLANG_WARN_OBJC_LITERAL_CONVERSION = YES;
				CLANG_WARN_OBJC_ROOT_CLASS = YES_ERROR;
				CLANG_WARN_RANGE_LOOP_ANALYSIS = YES;
				CLANG_WARN_STRICT_PROTOTYPES = YES;
				CLANG_WARN_SUSPICIOUS_MOVE = YES;
				CLANG_WARN_UNGUARDED_AVAILABILITY = YES_AGGRESSIVE;
				CLANG_WARN_UNREACHABLE_CODE = YES;
				CLANG_WARN__DUPLICATE_METHOD_MATCH = YES;
				CODE_SIGN_IDENTITY = "iPhone Developer";
				COPY_PHASE_STRIP = NO;
				DEBUG_INFORMATION_FORMAT = "dwarf-with-dsym";
				ENABLE_NS_ASSERTIONS = NO;
				ENABLE_STRICT_OBJC_MSGSEND = YES;
				GCC_C_LANGUAGE_STANDARD = gnu11;
				GCC_NO_COMMON_BLOCKS = YES;
				GCC_WARN_64_TO_32_BIT_CONVERSION = YES;
				GCC_WARN_ABOUT_RETURN_TYPE = YES_ERROR;
				GCC_WARN_UNDECLARED_SELECTOR = YES;
				GCC_WARN_UNINITIALIZED_AUTOS = YES_AGGRESSIVE;
				GCC_WARN_UNUSED_FUNCTION = YES;
				GCC_WARN_UNUSED_VARIABLE = YES;
				IPHONEOS_DEPLOYMENT_TARGET = 11.4;
				MTL_ENABLE_DEBUG_INFO = NO;
				SDKROOT = iphoneos;
				SWIFT_COMPILATION_MODE = wholemodule;
				SWIFT_OPTIMIZATION_LEVEL = "-O";
				VALIDATE_PRODUCT = YES;
			};
			name = Release;
		};
		25F83CEC211BDF4800EADCA4 /* Debug */ = {
			isa = XCBuildConfiguration;
			baseConfigurationReference = B53F904C54DE508490B3313B /* Pods-MyAnimeList.debug.xcconfig */;
			buildSettings = {
				ASSETCATALOG_COMPILER_APPICON_NAME = AppIcon;
				CODE_SIGN_STYLE = Automatic;
				DEVELOPMENT_TEAM = B33RKQE9R2;
				INFOPLIST_FILE = MyAnimeList/Info.plist;
				LD_RUNPATH_SEARCH_PATHS = (
					"$(inherited)",
					"@executable_path/Frameworks",
				);
				PRODUCT_BUNDLE_IDENTIFIER = com.maisa.MyAnimeList;
				PRODUCT_NAME = "$(TARGET_NAME)";
				SWIFT_VERSION = 4.0;
				TARGETED_DEVICE_FAMILY = "1,2";
			};
			name = Debug;
		};
		25F83CED211BDF4800EADCA4 /* Release */ = {
			isa = XCBuildConfiguration;
			baseConfigurationReference = A6DEC39DC2F575646D7A3D26 /* Pods-MyAnimeList.release.xcconfig */;
			buildSettings = {
				ASSETCATALOG_COMPILER_APPICON_NAME = AppIcon;
				CODE_SIGN_STYLE = Automatic;
				DEVELOPMENT_TEAM = B33RKQE9R2;
				INFOPLIST_FILE = MyAnimeList/Info.plist;
				LD_RUNPATH_SEARCH_PATHS = (
					"$(inherited)",
					"@executable_path/Frameworks",
				);
				PRODUCT_BUNDLE_IDENTIFIER = com.maisa.MyAnimeList;
				PRODUCT_NAME = "$(TARGET_NAME)";
				SWIFT_VERSION = 4.0;
				TARGETED_DEVICE_FAMILY = "1,2";
			};
			name = Release;
		};
		25F83CEF211BDF4800EADCA4 /* Debug */ = {
			isa = XCBuildConfiguration;
			buildSettings = {
				ALWAYS_EMBED_SWIFT_STANDARD_LIBRARIES = YES;
				BUNDLE_LOADER = "$(TEST_HOST)";
				CODE_SIGN_STYLE = Automatic;
				DEVELOPMENT_TEAM = B33RKQE9R2;
				INFOPLIST_FILE = MyAnimeListTests/Info.plist;
				LD_RUNPATH_SEARCH_PATHS = (
					"$(inherited)",
					"@executable_path/Frameworks",
					"@loader_path/Frameworks",
				);
				PRODUCT_BUNDLE_IDENTIFIER = com.maisa.MyAnimeListTests;
				PRODUCT_NAME = "$(TARGET_NAME)";
				SWIFT_VERSION = 4.0;
				TARGETED_DEVICE_FAMILY = "1,2";
				TEST_HOST = "$(BUILT_PRODUCTS_DIR)/MyAnimeList.app/MyAnimeList";
			};
			name = Debug;
		};
		25F83CF0211BDF4800EADCA4 /* Release */ = {
			isa = XCBuildConfiguration;
			buildSettings = {
				ALWAYS_EMBED_SWIFT_STANDARD_LIBRARIES = YES;
				BUNDLE_LOADER = "$(TEST_HOST)";
				CODE_SIGN_STYLE = Automatic;
				DEVELOPMENT_TEAM = B33RKQE9R2;
				INFOPLIST_FILE = MyAnimeListTests/Info.plist;
				LD_RUNPATH_SEARCH_PATHS = (
					"$(inherited)",
					"@executable_path/Frameworks",
					"@loader_path/Frameworks",
				);
				PRODUCT_BUNDLE_IDENTIFIER = com.maisa.MyAnimeListTests;
				PRODUCT_NAME = "$(TARGET_NAME)";
				SWIFT_VERSION = 4.0;
				TARGETED_DEVICE_FAMILY = "1,2";
				TEST_HOST = "$(BUILT_PRODUCTS_DIR)/MyAnimeList.app/MyAnimeList";
			};
			name = Release;
		};
/* End XCBuildConfiguration section */

/* Begin XCConfigurationList section */
		25F83CC9211BDF4500EADCA4 /* Build configuration list for PBXProject "MyAnimeList" */ = {
			isa = XCConfigurationList;
			buildConfigurations = (
				25F83CE9211BDF4800EADCA4 /* Debug */,
				25F83CEA211BDF4800EADCA4 /* Release */,
			);
			defaultConfigurationIsVisible = 0;
			defaultConfigurationName = Release;
		};
		25F83CEB211BDF4800EADCA4 /* Build configuration list for PBXNativeTarget "MyAnimeList" */ = {
			isa = XCConfigurationList;
			buildConfigurations = (
				25F83CEC211BDF4800EADCA4 /* Debug */,
				25F83CED211BDF4800EADCA4 /* Release */,
			);
			defaultConfigurationIsVisible = 0;
			defaultConfigurationName = Release;
		};
		25F83CEE211BDF4800EADCA4 /* Build configuration list for PBXNativeTarget "MyAnimeListTests" */ = {
			isa = XCConfigurationList;
			buildConfigurations = (
				25F83CEF211BDF4800EADCA4 /* Debug */,
				25F83CF0211BDF4800EADCA4 /* Release */,
			);
			defaultConfigurationIsVisible = 0;
			defaultConfigurationName = Release;
		};
/* End XCConfigurationList section */
	};
	rootObject = 25F83CC6211BDF4500EADCA4 /* Project object */;
}
